github.com/disgoorg/disgo v0.17.0 h1:/LcgXgPDhzHt3GkQ4cpjmIJBim1/VYfS31VhGYif3Ms=
github.com/disgoorg/disgo v0.17.0/go.mod h1:AE2J/8oLR2PtYfqcARsk1mgBxQ5z3Z1OD6Lc2SA0gak=
github.com/disgoorg/json v1.1.0 h1:7xigHvomlVA9PQw9bMGO02PHGJJPqvX5AnwlYg/Tnys=
github.com/disgoorg/json v1.1.0/go.mod h1:BHDwdde0rpQFDVsRLKhma6Y7fTbQKub/zdGO5O9NqqA=
github.com/disgoorg/snowflake/v2 v2.0.1 h1:CuUxGLwggUxEswZOmZ+mZ5i0xSumQdXW9tXW7uGqe+0=
github.com/disgoorg/snowflake/v2 v2.0.1/go.mod h1:SPU9c2CNn5DSyb86QcKtdZgix9osEtKrHLW4rMhfLCs=
github.com/sasha-s/go-csync v0.0.0-20210812194225-61421b77c44b h1:qYTY2tN72LhgDj2rtWG+LI6TXFl2ygFQQ4YezfVaGQE=
github.com/sasha-s/go-csync v0.0.0-20210812194225-61421b77c44b/go.mod h1:/pA7k3zsXKdjjAiUhB5CjuKib9KJGCaLvZwtxGC8U0s=
